
Microsoft Visual Studio Solution File, Format Version 12.00
# Visual Studio Version 16
VisualStudioVersion = 16.0.30011.22
MinimumVisualStudioVersion = 10.0.40219.1
Project("{9A19103F-16F7-4668-BE54-9A1E7A4F7556}") = "eShopeSulution.Web", "eShopeSulution.Web\eShopeSulution.Web.csproj", "{992DA7EA-6828-4C52-8761-2149CA4C01C0}"
EndProject
Project("{2150E333-8FDC-42A3-9474-1A3956D46DE8}") = "SolutionItems", "SolutionItems", "{B97D93DB-98FB-41C1-8244-5E0601886A80}"
	ProjectSection(SolutionItems) = preProject
		README.md = README.md
	EndProjectSection
EndProject
Project("{FAE04EC0-301F-11D3-BF4B-00C04F79EFBC}") = "eShopSolution.Data", "eShopSolution.Data\eShopSolution.Data.csproj", "{DB579982-9D7D-400E-A080-28E4974FFA25}"
EndProject
Project("{FAE04EC0-301F-11D3-BF4B-00C04F79EFBC}") = "eShopSolution.Application", "eShopSolution.Application\eShopSolution.Application.csproj", "{04986FB3-F3E9-433B-AA7D-78E0B9930ECB}"
EndProject
Global
	GlobalSection(SolutionConfigurationPlatforms) = preSolution
		Debug|Any CPU = Debug|Any CPU
		Release|Any CPU = Release|Any CPU
	EndGlobalSection
	GlobalSection(ProjectConfigurationPlatforms) = postSolution
		{992DA7EA-6828-4C52-8761-2149CA4C01C0}.Debug|Any CPU.ActiveCfg = Debug|Any CPU
		{992DA7EA-6828-4C52-8761-2149CA4C01C0}.Debug|Any CPU.Build.0 = Debug|Any CPU
		{992DA7EA-6828-4C52-8761-2149CA4C01C0}.Release|Any CPU.ActiveCfg = Release|Any CPU
		{992DA7EA-6828-4C52-8761-2149CA4C01C0}.Release|Any CPU.Build.0 = Release|Any CPU
		{DB579982-9D7D-400E-A080-28E4974FFA25}.Debug|Any CPU.ActiveCfg = Debug|Any CPU
		{DB579982-9D7D-400E-A080-28E4974FFA25}.Debug|Any CPU.Build.0 = Debug|Any CPU
		{DB579982-9D7D-400E-A080-28E4974FFA25}.Release|Any CPU.ActiveCfg = Release|Any CPU
		{DB579982-9D7D-400E-A080-28E4974FFA25}.Release|Any CPU.Build.0 = Release|Any CPU
		{04986FB3-F3E9-433B-AA7D-78E0B9930ECB}.Debug|Any CPU.ActiveCfg = Debug|Any CPU
		{04986FB3-F3E9-433B-AA7D-78E0B9930ECB}.Debug|Any CPU.Build.0 = Debug|Any CPU
		{04986FB3-F3E9-433B-AA7D-78E0B9930ECB}.Release|Any CPU.ActiveCfg = Release|Any CPU
		{04986FB3-F3E9-433B-AA7D-78E0B9930ECB}.Release|Any CPU.Build.0 = Release|Any CPU
	EndGlobalSection
	GlobalSection(SolutionProperties) = preSolution
		HideSolutionNode = FALSE
	EndGlobalSection
	GlobalSection(ExtensibilityGlobals) = postSolution
		SolutionGuid = {F3101969-9402-4850-8A1E-0649C7486290}
	EndGlobalSection
EndGlobal
