
Microsoft Visual Studio Solution File, Format Version 12.00
# Visual Studio Version 16
VisualStudioVersion = 16.0.30011.22
MinimumVisualStudioVersion = 10.0.40219.1
Project("{9A19103F-16F7-4668-BE54-9A1E7A4F7556}") = "eShopeSulution.Web", "eShopeSulution.Web\eShopeSulution.Web.csproj", "{992DA7EA-6828-4C52-8761-2149CA4C01C0}"
EndProject
Project("{2150E333-8FDC-42A3-9474-1A3956D46DE8}") = "SolutionItems", "SolutionItems", "{B97D93DB-98FB-41C1-8244-5E0601886A80}"
	ProjectSection(SolutionItems) = preProject
		README.md = README.md
	EndProjectSection
EndProject
Project("{FAE04EC0-301F-11D3-BF4B-00C04F79EFBC}") = "sShopSolution.Data", "sShopSolution.Data\sShopSolution.Data.csproj", "{3E27368F-68F7-4416-9A26-077F26C97F52}"
EndProject
Project("{FAE04EC0-301F-11D3-BF4B-00C04F79EFBC}") = "eShopSolution.Application", "eShopSolution.Application\eShopSolution.Application.csproj", "{E87D8940-9457-409C-AE14-886E44847D9D}"
EndProject
Global
	GlobalSection(SolutionConfigurationPlatforms) = preSolution
		Debug|Any CPU = Debug|Any CPU
		Release|Any CPU = Release|Any CPU
	EndGlobalSection
	GlobalSection(ProjectConfigurationPlatforms) = postSolution
		{992DA7EA-6828-4C52-8761-2149CA4C01C0}.Debug|Any CPU.ActiveCfg = Debug|Any CPU
		{992DA7EA-6828-4C52-8761-2149CA4C01C0}.Debug|Any CPU.Build.0 = Debug|Any CPU
		{992DA7EA-6828-4C52-8761-2149CA4C01C0}.Release|Any CPU.ActiveCfg = Release|Any CPU
		{992DA7EA-6828-4C52-8761-2149CA4C01C0}.Release|Any CPU.Build.0 = Release|Any CPU
		{3E27368F-68F7-4416-9A26-077F26C97F52}.Debug|Any CPU.ActiveCfg = Debug|Any CPU
		{3E27368F-68F7-4416-9A26-077F26C97F52}.Debug|Any CPU.Build.0 = Debug|Any CPU
		{3E27368F-68F7-4416-9A26-077F26C97F52}.Release|Any CPU.ActiveCfg = Release|Any CPU
		{3E27368F-68F7-4416-9A26-077F26C97F52}.Release|Any CPU.Build.0 = Release|Any CPU
		{E87D8940-9457-409C-AE14-886E44847D9D}.Debug|Any CPU.ActiveCfg = Debug|Any CPU
		{E87D8940-9457-409C-AE14-886E44847D9D}.Debug|Any CPU.Build.0 = Debug|Any CPU
		{E87D8940-9457-409C-AE14-886E44847D9D}.Release|Any CPU.ActiveCfg = Release|Any CPU
		{E87D8940-9457-409C-AE14-886E44847D9D}.Release|Any CPU.Build.0 = Release|Any CPU
	EndGlobalSection
	GlobalSection(SolutionProperties) = preSolution
		HideSolutionNode = FALSE
	EndGlobalSection
	GlobalSection(ExtensibilityGlobals) = postSolution
		SolutionGuid = {F3101969-9402-4850-8A1E-0649C7486290}
	EndGlobalSection
EndGlobal
